
Microsoft Visual Studio Solution File, Format Version 12.00
# Visual Studio Version 17
VisualStudioVersion = 17.9.34607.119
MinimumVisualStudioVersion = 10.0.40219.1
Project("{FAE04EC0-301F-11D3-BF4B-00C04F79EFBC}") = "KodlamaIoCRUD", "KodlamaIoCRUD\KodlamaIoCRUD.csproj", "{0F9E5911-FC79-4A11-8E4F-CEFF32A29EE4}"
EndProject
Project("{FAE04EC0-301F-11D3-BF4B-00C04F79EFBC}") = "Entities", "Entities\Entities.csproj", "{31CCFE79-473B-4C47-94DF-0FEAB4E41C63}"
EndProject
Project("{FAE04EC0-301F-11D3-BF4B-00C04F79EFBC}") = "DataAccess", "DataAccess\DataAccess.csproj", "{C70E74D5-26CC-4FDF-BD6F-5A9DE15E8D1B}"
EndProject
Project("{FAE04EC0-301F-11D3-BF4B-00C04F79EFBC}") = "Business", "Business\Business.csproj", "{9E9AD8B6-58EA-4F52-B2D9-6D0CB4B8BDA3}"
EndProject
Global
	GlobalSection(SolutionConfigurationPlatforms) = preSolution
		Debug|Any CPU = Debug|Any CPU
		Release|Any CPU = Release|Any CPU
	EndGlobalSection
	GlobalSection(ProjectConfigurationPlatforms) = postSolution
		{0F9E5911-FC79-4A11-8E4F-CEFF32A29EE4}.Debug|Any CPU.ActiveCfg = Debug|Any CPU
		{0F9E5911-FC79-4A11-8E4F-CEFF32A29EE4}.Debug|Any CPU.Build.0 = Debug|Any CPU
		{0F9E5911-FC79-4A11-8E4F-CEFF32A29EE4}.Release|Any CPU.ActiveCfg = Release|Any CPU
		{0F9E5911-FC79-4A11-8E4F-CEFF32A29EE4}.Release|Any CPU.Build.0 = Release|Any CPU
		{31CCFE79-473B-4C47-94DF-0FEAB4E41C63}.Debug|Any CPU.ActiveCfg = Debug|Any CPU
		{31CCFE79-473B-4C47-94DF-0FEAB4E41C63}.Debug|Any CPU.Build.0 = Debug|Any CPU
		{31CCFE79-473B-4C47-94DF-0FEAB4E41C63}.Release|Any CPU.ActiveCfg = Release|Any CPU
		{31CCFE79-473B-4C47-94DF-0FEAB4E41C63}.Release|Any CPU.Build.0 = Release|Any CPU
		{C70E74D5-26CC-4FDF-BD6F-5A9DE15E8D1B}.Debug|Any CPU.ActiveCfg = Debug|Any CPU
		{C70E74D5-26CC-4FDF-BD6F-5A9DE15E8D1B}.Debug|Any CPU.Build.0 = Debug|Any CPU
		{C70E74D5-26CC-4FDF-BD6F-5A9DE15E8D1B}.Release|Any CPU.ActiveCfg = Release|Any CPU
		{C70E74D5-26CC-4FDF-BD6F-5A9DE15E8D1B}.Release|Any CPU.Build.0 = Release|Any CPU
		{9E9AD8B6-58EA-4F52-B2D9-6D0CB4B8BDA3}.Debug|Any CPU.ActiveCfg = Debug|Any CPU
		{9E9AD8B6-58EA-4F52-B2D9-6D0CB4B8BDA3}.Debug|Any CPU.Build.0 = Debug|Any CPU
		{9E9AD8B6-58EA-4F52-B2D9-6D0CB4B8BDA3}.Release|Any CPU.ActiveCfg = Release|Any CPU
		{9E9AD8B6-58EA-4F52-B2D9-6D0CB4B8BDA3}.Release|Any CPU.Build.0 = Release|Any CPU
	EndGlobalSection
	GlobalSection(SolutionProperties) = preSolution
		HideSolutionNode = FALSE
	EndGlobalSection
	GlobalSection(ExtensibilityGlobals) = postSolution
		SolutionGuid = {98D6D85B-35DD-4025-B0B5-18A3AE3831E5}
	EndGlobalSection
EndGlobal
